// !$*UTF8*$!
{
	archiveVersion = 1;
	classes = {
	};
	objectVersion = 50;
	objects = {

/* Begin PBXBuildFile section */
		195F368D24D7D25500C3CFCF /* AppDelegate.swift in Sources */ = {isa = PBXBuildFile; fileRef = 195F368C24D7D25500C3CFCF /* AppDelegate.swift */; };
		195F368F24D7D25500C3CFCF /* SceneDelegate.swift in Sources */ = {isa = PBXBuildFile; fileRef = 195F368E24D7D25500C3CFCF /* SceneDelegate.swift */; };
		195F369124D7D25500C3CFCF /* ViewController.swift in Sources */ = {isa = PBXBuildFile; fileRef = 195F369024D7D25500C3CFCF /* ViewController.swift */; };
		195F369424D7D25500C3CFCF /* Main.storyboard in Resources */ = {isa = PBXBuildFile; fileRef = 195F369224D7D25500C3CFCF /* Main.storyboard */; };
		195F369624D7D25C00C3CFCF /* Assets.xcassets in Resources */ = {isa = PBXBuildFile; fileRef = 195F369524D7D25C00C3CFCF /* Assets.xcassets */; };
		195F369924D7D25C00C3CFCF /* LaunchScreen.storyboard in Resources */ = {isa = PBXBuildFile; fileRef = 195F369724D7D25C00C3CFCF /* LaunchScreen.storyboard */; };
/* End PBXBuildFile section */

/* Begin PBXFileReference section */
		195F368924D7D25500C3CFCF /* Test-1.app */ = {isa = PBXFileReference; explicitFileType = wrapper.application; includeInIndex = 0; path = "Test-1.app"; sourceTree = BUILT_PRODUCTS_DIR; };
		195F368C24D7D25500C3CFCF /* AppDelegate.swift */ = {isa = PBXFileReference; lastKnownFileType = sourcecode.swift; path = AppDelegate.swift; sourceTree = "<group>"; };
		195F368E24D7D25500C3CFCF /* SceneDelegate.swift */ = {isa = PBXFileReference; lastKnownFileType = sourcecode.swift; path = SceneDelegate.swift; sourceTree = "<group>"; };
		195F369024D7D25500C3CFCF /* ViewController.swift */ = {isa = PBXFileReference; lastKnownFileType = sourcecode.swift; path = ViewController.swift; sourceTree = "<group>"; };
		195F369324D7D25500C3CFCF /* Base */ = {isa = PBXFileReference; lastKnownFileType = file.storyboard; name = Base; path = Base.lproj/Main.storyboard; sourceTree = "<group>"; };
		195F369524D7D25C00C3CFCF /* Assets.xcassets */ = {isa = PBXFileReference; lastKnownFileType = folder.assetcatalog; path = Assets.xcassets; sourceTree = "<group>"; };
		195F369824D7D25C00C3CFCF /* Base */ = {isa = PBXFileReference; lastKnownFileType = file.storyboard; name = Base; path = Base.lproj/LaunchScreen.storyboard; sourceTree = "<group>"; };
		195F369A24D7D25C00C3CFCF /* Info.plist */ = {isa = PBXFileReference; lastKnownFileType = text.plist.xml; path = Info.plist; sourceTree = "<group>"; };
/* End PBXFileReference section */

/* Begin PBXFrameworksBuildPhase section */
		195F368624D7D25500C3CFCF /* Frameworks */ = {
			isa = PBXFrameworksBuildPhase;
			buildActionMask = 2147483647;
			files = (
			);
			runOnlyForDeploymentPostprocessing = 0;
		};
/* End PBXFrameworksBuildPhase section */

/* Begin PBXGroup section */
		195F368024D7D25500C3CFCF = {
			isa = PBXGroup;
			children = (
				195F368B24D7D25500C3CFCF /* Test-1 */,
				195F368A24D7D25500C3CFCF /* Products */,
			);
			sourceTree = "<group>";
		};
		195F368A24D7D25500C3CFCF /* Products */ = {
			isa = PBXGroup;
			children = (
				195F368924D7D25500C3CFCF /* Test-1.app */,
			);
			name = Products;
			sourceTree = "<group>";
		};
		195F368B24D7D25500C3CFCF /* Test-1 */ = {
			isa = PBXGroup;
			children = (
				195F368C24D7D25500C3CFCF /* AppDelegate.swift */,
				195F368E24D7D25500C3CFCF /* SceneDelegate.swift */,
				195F369024D7D25500C3CFCF /* ViewController.swift */,
				195F369224D7D25500C3CFCF /* Main.storyboard */,
				195F369524D7D25C00C3CFCF /* Assets.xcassets */,
				195F369724D7D25C00C3CFCF /* LaunchScreen.storyboard */,
				195F369A24D7D25C00C3CFCF /* Info.plist */,
			);
			path = "Test-1";
			sourceTree = "<group>";
		};
/* End PBXGroup section */

/* Begin PBXNativeTarget section */
		195F368824D7D25500C3CFCF /* Test-1 */ = {
			isa = PBXNativeTarget;
			buildConfigurationList = 195F369D24D7D25C00C3CFCF /* Build configuration list for PBXNativeTarget "Test-1" */;
			buildPhases = (
				195F368524D7D25500C3CFCF /* Sources */,
				195F368624D7D25500C3CFCF /* Frameworks */,
				195F368724D7D25500C3CFCF /* Resources */,
			);
			buildRules = (
			);
			dependencies = (
			);
			name = "Test-1";
			productName = "Test-1";
			productReference = 195F368924D7D25500C3CFCF /* Test-1.app */;
			productType = "com.apple.product-type.application";
		};
/* End PBXNativeTarget section */

/* Begin PBXProject section */
		195F368124D7D25500C3CFCF /* Project object */ = {
			isa = PBXProject;
			attributes = {
				LastSwiftUpdateCheck = 1160;
				LastUpgradeCheck = 1160;
				ORGANIZATIONNAME = "Hassan Abbasi";
				TargetAttributes = {
					195F368824D7D25500C3CFCF = {
						CreatedOnToolsVersion = 11.6;
					};
				};
			};
			buildConfigurationList = 195F368424D7D25500C3CFCF /* Build configuration list for PBXProject "Test-1" */;
			compatibilityVersion = "Xcode 9.3";
			developmentRegion = en;
			hasScannedForEncodings = 0;
			knownRegions = (
				en,
				Base,
			);
			mainGroup = 195F368024D7D25500C3CFCF;
			productRefGroup = 195F368A24D7D25500C3CFCF /* Products */;
			projectDirPath = "";
			projectRoot = "";
			targets = (
				195F368824D7D25500C3CFCF /* Test-1 */,
			);
		};
/* End PBXProject section */

/* Begin PBXResourcesBuildPhase section */
		195F368724D7D25500C3CFCF /* Resources */ = {
			isa = PBXResourcesBuildPhase;
			buildActionMask = 2147483647;
			files = (
				195F369924D7D25C00C3CFCF /* LaunchScreen.storyboard in Resources */,
				195F369624D7D25C00C3CFCF /* Assets.xcassets in Resources */,
				195F369424D7D25500C3CFCF /* Main.storyboard in Resources */,
			);
			runOnlyForDeploymentPostprocessing = 0;
		};
/* End PBXResourcesBuildPhase section */

/* Begin PBXSourcesBuildPhase section */
		195F368524D7D25500C3CFCF /* Sources */ = {
			isa = PBXSourcesBuildPhase;
			buildActionMask = 2147483647;
			files = (
				195F369124D7D25500C3CFCF /* ViewController.swift in Sources */,
				195F368D24D7D25500C3CFCF /* AppDelegate.swift in Sources */,
				195F368F24D7D25500C3CFCF /* SceneDelegate.swift in Sources */,
			);
			runOnlyForDeploymentPostprocessing = 0;
		};
/* End PBXSourcesBuildPhase section */

/* Begin PBXVariantGroup section */
		195F369224D7D25500C3CFCF /* Main.storyboard */ = {
			isa = PBXVariantGroup;
			children = (
				195F369324D7D25500C3CFCF /* Base */,
			);
			name = Main.storyboard;
			sourceTree = "<group>";
		};
		195F369724D7D25C00C3CFCF /* LaunchScreen.storyboard */ = {
			isa = PBXVariantGroup;
			children = (
				195F369824D7D25C00C3CFCF /* Base */,
			);
			name = LaunchScreen.storyboard;
			sourceTree = "<group>";
		};
/* End PBXVariantGroup section */

/* Begin XCBuildConfiguration section */
		195F369B24D7D25C00C3CFCF /* Debug */ = {
			isa = XCBuildConfiguration;
			buildSettings = {
				ALWAYS_SEARCH_USER_PATHS = NO;
				CLANG_ANALYZER_NONNULL = YES;
				CLANG_ANALYZER_NUMBER_OBJECT_CONVERSION = YES_AGGRESSIVE;
				CLANG_CXX_LANGUAGE_STANDARD = "gnu++14";
				CLANG_CXX_LIBRARY = "libc++";
				CLANG_ENABLE_MODULES = YES;
				CLANG_ENABLE_OBJC_ARC = YES;
				CLANG_ENABLE_OBJC_WEAK = YES;
				CLANG_WARN_BLOCK_CAPTURE_AUTORELEASING = YES;
				CLANG_WARN_BOOL_CONVERSION = YES;
				CLANG_WARN_COMMA = YES;
				CLANG_WARN_CONSTANT_CONVERSION = YES;
				CLANG_WARN_DEPRECATED_OBJC_IMPLEMENTATIONS = YES;
				CLANG_WARN_DIRECT_OBJC_ISA_USAGE = YES_ERROR;
				CLANG_WARN_DOCUMENTATION_COMMENTS = YES;
				CLANG_WARN_EMPTY_BODY = YES;
				CLANG_WARN_ENUM_CONVERSION = YES;
				CLANG_WARN_INFINITE_RECURSION = YES;
				CLANG_WARN_INT_CONVERSION = YES;
				CLANG_WARN_NON_LITERAL_NULL_CONVERSION = YES;
				CLANG_WARN_OBJC_IMPLICIT_RETAIN_SELF = YES;
				CLANG_WARN_OBJC_LITERAL_CONVERSION = YES;
				CLANG_WARN_OBJC_ROOT_CLASS = YES_ERROR;
				CLANG_WARN_RANGE_LOOP_ANALYSIS = YES;
				CLANG_WARN_STRICT_PROTOTYPES = YES;
				CLANG_WARN_SUSPICIOUS_MOVE = YES;
				CLANG_WARN_UNGUARDED_AVAILABILITY = YES_AGGRESSIVE;
				CLANG_WARN_UNREACHABLE_CODE = YES;
				CLANG_WARN__DUPLICATE_METHOD_MATCH = YES;
				COPY_PHASE_STRIP = NO;
				DEBUG_INFORMATION_FORMAT = dwarf;
				ENABLE_STRICT_OBJC_MSGSEND = YES;
				ENABLE_TESTABILITY = YES;
				GCC_C_LANGUAGE_STANDARD = gnu11;
				GCC_DYNAMIC_NO_PIC = NO;
				GCC_NO_COMMON_BLOCKS = YES;
				GCC_OPTIMIZATION_LEVEL = 0;
				GCC_PREPROCESSOR_DEFINITIONS = (
					"DEBUG=1",
					"$(inherited)",
				);
				GCC_WARN_64_TO_32_BIT_CONVERSION = YES;
				GCC_WARN_ABOUT_RETURN_TYPE = YES_ERROR;
				GCC_WARN_UNDECLARED_SELECTOR = YES;
				GCC_WARN_UNINITIALIZED_AUTOS = YES_AGGRESSIVE;
				GCC_WARN_UNUSED_FUNCTION = YES;
				GCC_WARN_UNUSED_VARIABLE = YES;
				IPHONEOS_DEPLOYMENT_TARGET = 13.6;
				MTL_ENABLE_DEBUG_INFO = INCLUDE_SOURCE;
				MTL_FAST_MATH = YES;
				ONLY_ACTIVE_ARCH = YES;
				SDKROOT = iphoneos;
				SWIFT_ACTIVE_COMPILATION_CONDITIONS = DEBUG;
				SWIFT_OPTIMIZATION_LEVEL = "-Onone";
			};
			name = Debug;
		};
		195F369C24D7D25C00C3CFCF /* Release */ = {
			isa = XCBuildConfiguration;
			buildSettings = {
				ALWAYS_SEARCH_USER_PATHS = NO;
				CLANG_ANALYZER_NONNULL = YES;
				CLANG_ANALYZER_NUMBER_OBJECT_CONVERSION = YES_AGGRESSIVE;
				CLANG_CXX_LANGUAGE_STANDARD = "gnu++14";
				CLANG_CXX_LIBRARY = "libc++";
				CLANG_ENABLE_MODULES = YES;
				CLANG_ENABLE_OBJC_ARC = YES;
				CLANG_ENABLE_OBJC_WEAK = YES;
				CLANG_WARN_BLOCK_CAPTURE_AUTORELEASING = YES;
				CLANG_WARN_BOOL_CONVERSION = YES;
				CLANG_WARN_COMMA = YES;
				CLANG_WARN_CONSTANT_CONVERSION = YES;
				CLANG_WARN_DEPRECATED_OBJC_IMPLEMENTATIONS = YES;
				CLANG_WARN_DIRECT_OBJC_ISA_USAGE = YES_ERROR;
				CLANG_WARN_DOCUMENTATION_COMMENTS = YES;
				CLANG_WARN_EMPTY_BODY = YES;
				CLANG_WARN_ENUM_CONVERSION = YES;
				CLANG_WARN_INFINITE_RECURSION = YES;
				CLANG_WARN_INT_CONVERSION = YES;
				CLANG_WARN_NON_LITERAL_NULL_CONVERSION = YES;
				CLANG_WARN_OBJC_IMPLICIT_RETAIN_SELF = YES;
				CLANG_WARN_OBJC_LITERAL_CONVERSION = YES;
				CLANG_WARN_OBJC_ROOT_CLASS = YES_ERROR;
				CLANG_WARN_RANGE_LOOP_ANALYSIS = YES;
				CLANG_WARN_STRICT_PROTOTYPES = YES;
				CLANG_WARN_SUSPICIOUS_MOVE = YES;
				CLANG_WARN_UNGUARDED_AVAILABILITY = YES_AGGRESSIVE;
				CLANG_WARN_UNREACHABLE_CODE = YES;
				CLANG_WARN__DUPLICATE_METHOD_MATCH = YES;
				COPY_PHASE_STRIP = NO;
				DEBUG_INFORMATION_FORMAT = "dwarf-with-dsym";
				ENABLE_NS_ASSERTIONS = NO;
				ENABLE_STRICT_OBJC_MSGSEND = YES;
				GCC_C_LANGUAGE_STANDARD = gnu11;
				GCC_NO_COMMON_BLOCKS = YES;
				GCC_WARN_64_TO_32_BIT_CONVERSION = YES;
				GCC_WARN_ABOUT_RETURN_TYPE = YES_ERROR;
				GCC_WARN_UNDECLARED_SELECTOR = YES;
				GCC_WARN_UNINITIALIZED_AUTOS = YES_AGGRESSIVE;
				GCC_WARN_UNUSED_FUNCTION = YES;
				GCC_WARN_UNUSED_VARIABLE = YES;
				IPHONEOS_DEPLOYMENT_TARGET = 13.6;
				MTL_ENABLE_DEBUG_INFO = NO;
				MTL_FAST_MATH = YES;
				SDKROOT = iphoneos;
				SWIFT_COMPILATION_MODE = wholemodule;
				SWIFT_OPTIMIZATION_LEVEL = "-O";
				VALIDATE_PRODUCT = YES;
			};
			name = Release;
		};
		195F369E24D7D25C00C3CFCF /* Debug */ = {
			isa = XCBuildConfiguration;
			buildSettings = {
				ASSETCATALOG_COMPILER_APPICON_NAME = AppIcon;
				CODE_SIGN_STYLE = Automatic;
				DEVELOPMENT_TEAM = 8U8ABLMRK4;
				INFOPLIST_FILE = "Test-1/Info.plist";
				LD_RUNPATH_SEARCH_PATHS = (
					"$(inherited)",
					"@executable_path/Frameworks",
				);
				PRODUCT_BUNDLE_IDENTIFIER = "com.roveapps.Test-1";
				PRODUCT_NAME = "$(TARGET_NAME)";
				SWIFT_VERSION = 5.0;
				TARGETED_DEVICE_FAMILY = "1,2";
			};
			name = Debug;
		};
		195F369F24D7D25C00C3CFCF /* Release */ = {
			isa = XCBuildConfiguration;
			buildSettings = {
				ASSETCATALOG_COMPILER_APPICON_NAME = AppIcon;
				CODE_SIGN_STYLE = Automatic;
				DEVELOPMENT_TEAM = 8U8ABLMRK4;
				INFOPLIST_FILE = "Test-1/Info.plist";
				LD_RUNPATH_SEARCH_PATHS = (
					"$(inherited)",
					"@executable_path/Frameworks",
				);
				PRODUCT_BUNDLE_IDENTIFIER = "com.roveapps.Test-1";
				PRODUCT_NAME = "$(TARGET_NAME)";
				SWIFT_VERSION = 5.0;
				TARGETED_DEVICE_FAMILY = "1,2";
			};
			name = Release;
		};
/* End XCBuildConfiguration section */

/* Begin XCConfigurationList section */
		195F368424D7D25500C3CFCF /* Build configuration list for PBXProject "Test-1" */ = {
			isa = XCConfigurationList;
			buildConfigurations = (
				195F369B24D7D25C00C3CFCF /* Debug */,
				195F369C24D7D25C00C3CFCF /* Release */,
			);
			defaultConfigurationIsVisible = 0;
			defaultConfigurationName = Release;
		};
		195F369D24D7D25C00C3CFCF /* Build configuration list for PBXNativeTarget "Test-1" */ = {
			isa = XCConfigurationList;
			buildConfigurations = (
				195F369E24D7D25C00C3CFCF /* Debug */,
				195F369F24D7D25C00C3CFCF /* Release */,
			);
			defaultConfigurationIsVisible = 0;
			defaultConfigurationName = Release;
		};
/* End XCConfigurationList section */
	};
	rootObject = 195F368124D7D25500C3CFCF /* Project object */;
}
